{
  "name": "custom-elements-stencil-html-sandbox",
  "version": "1.0.0",
  "lockfileVersion": 3,
  "requires": true,
  "packages": {
    "": {
      "name": "custom-elements-stencil-html-sandbox",
      "version": "1.0.0",
      "license": "ISC",
      "dependencies": {
        "@goatui/components": "^1.5.2",
        "kickstand-ui": "^2.18.5"
      }
    },
    "node_modules/@babel/runtime": {
      "version": "7.23.2",
      "resolved": "https://registry.npmjs.org/@babel/runtime/-/runtime-7.23.2.tgz",
      "integrity": "sha512-mM8eg4yl5D6i3lu2QKPuPH4FArvJ8KhTofbE7jwMUv9KX5mBvwPAqnV3MlyBNqdp9RyRKP6Yck8TrfYrPvX3bg==",
      "dependencies": {
        "regenerator-runtime": "^0.14.0"
      },
      "engines": {
        "node": ">=6.9.0"
      }
    },
    "node_modules/@goatui/components": {
      "version": "1.5.2",
      "resolved": "https://registry.npmjs.org/@goatui/components/-/components-1.5.2.tgz",
      "integrity": "sha512-AOrTWRUtMhXj9GIaLfvR3iAZP7Wd5EYLkdF2pN4zpHPOcWccRQq9aIxM56kraaPeUGUNGKJPyK/GpkeNykq+NQ==",
      "dependencies": {
        "@lexical/history": "^0.11.2",
        "@lexical/markdown": "^0.11.2",
        "@lexical/plain-text": "^0.11.2",
        "@lexical/rich-text": "^0.11.2",
        "beautify": "^0.0.8",
        "date-fns": "^2.29.3",
        "lexical": "^0.11.2",
        "prettier": "3.0.0"
      },
      "engines": {
        "node": ">=14.x"
      }
    },
    "node_modules/@lexical/clipboard": {
      "version": "0.11.3",
      "resolved": "https://registry.npmjs.org/@lexical/clipboard/-/clipboard-0.11.3.tgz",
      "integrity": "sha512-6xggT8b0hd4OQy25mBH+yiJsr3Bm8APHjDOd3yINCGeiiHXIC+2qKQn3MG70euxQQuyzq++tYHcSsFq42g8Jyw==",
      "peer": true,
      "dependencies": {
        "@lexical/html": "0.11.3",
        "@lexical/list": "0.11.3",
        "@lexical/selection": "0.11.3",
        "@lexical/utils": "0.11.3"
      },
      "peerDependencies": {
        "lexical": "0.11.3"
      }
    },
    "node_modules/@lexical/code": {
      "version": "0.11.3",
      "resolved": "https://registry.npmjs.org/@lexical/code/-/code-0.11.3.tgz",
      "integrity": "sha512-BIMPd2op65iP4N9SkKIUVodZoWeSsnk6skNJ8UHBO/Rg0ZxyAqxLpnBhEgHq2QOoTBbEW6OEFtkc7/+f9LINZg==",
      "dependencies": {
        "@lexical/utils": "0.11.3",
        "prismjs": "^1.27.0"
      },
      "peerDependencies": {
        "lexical": "0.11.3"
      }
    },
    "node_modules/@lexical/history": {
      "version": "0.11.3",
      "resolved": "https://registry.npmjs.org/@lexical/history/-/history-0.11.3.tgz",
      "integrity": "sha512-QLJQRH2rbadRwXd4c/U4TqjLWDQna6Q43nCocIZF+SdVG9TlASp7m6dS7hiHfPtV1pkxJUxPhZY6EsB/Ok5WGA==",
      "dependencies": {
        "@lexical/utils": "0.11.3"
      },
      "peerDependencies": {
        "lexical": "0.11.3"
      }
    },
    "node_modules/@lexical/html": {
      "version": "0.11.3",
      "resolved": "https://registry.npmjs.org/@lexical/html/-/html-0.11.3.tgz",
      "integrity": "sha512-+8AYnxxml9PneZLkGfdTenqDjE2yD1ZfCmQLrD/L1TEn22OjZh4uvKVHb13wEhgUZTuLKF0PNdnuecko9ON/aQ==",
      "peer": true,
      "dependencies": {
        "@lexical/selection": "0.11.3"
      },
      "peerDependencies": {
        "lexical": "0.11.3"
      }
    },
    "node_modules/@lexical/link": {
      "version": "0.11.3",
      "resolved": "https://registry.npmjs.org/@lexical/link/-/link-0.11.3.tgz",
      "integrity": "sha512-stAjIrDrF18dPKK25ExPwMCcMe0KKD0FWVzo3F7ejh9DvrQcLFeBPcs8ze71chS3D5fQDB/CzdwvMjEViKmq2A==",
      "dependencies": {
        "@lexical/utils": "0.11.3"
      },
      "peerDependencies": {
        "lexical": "0.11.3"
      }
    },
    "node_modules/@lexical/list": {
      "version": "0.11.3",
      "resolved": "https://registry.npmjs.org/@lexical/list/-/list-0.11.3.tgz",
      "integrity": "sha512-Cs9071wDfqi4j1VgodceiR1jTHj13eCoEJDhr3e/FW0x5we7vfbTMtWlOWbveIoryAh+rQNgiD5e8SrAm6Zs3g==",
      "dependencies": {
        "@lexical/utils": "0.11.3"
      },
      "peerDependencies": {
        "lexical": "0.11.3"
      }
    },
    "node_modules/@lexical/markdown": {
      "version": "0.11.3",
      "resolved": "https://registry.npmjs.org/@lexical/markdown/-/markdown-0.11.3.tgz",
      "integrity": "sha512-sF8ow32BDme3UvxaKpf+j+vMc4T/XvDEzteZHmvvP7NX/iUtK3yUkTyT7rKuGwiKLYfMBwQaKMGjU3/nlIOzUg==",
      "dependencies": {
        "@lexical/code": "0.11.3",
        "@lexical/link": "0.11.3",
        "@lexical/list": "0.11.3",
        "@lexical/rich-text": "0.11.3",
        "@lexical/text": "0.11.3",
        "@lexical/utils": "0.11.3"
      },
      "peerDependencies": {
        "lexical": "0.11.3"
      }
    },
    "node_modules/@lexical/plain-text": {
      "version": "0.11.3",
      "resolved": "https://registry.npmjs.org/@lexical/plain-text/-/plain-text-0.11.3.tgz",
      "integrity": "sha512-cQ5Us+GNzShyjjgRqWTnYv0rC+jHJ96LvBA1aSieM77H8/Im5BeoLl6TgBK2NqPkp8fGpj8JnDEdT8h9Qh1jtA==",
      "peerDependencies": {
        "@lexical/clipboard": "0.11.3",
        "@lexical/selection": "0.11.3",
        "@lexical/utils": "0.11.3",
        "lexical": "0.11.3"
      }
    },
    "node_modules/@lexical/rich-text": {
      "version": "0.11.3",
      "resolved": "https://registry.npmjs.org/@lexical/rich-text/-/rich-text-0.11.3.tgz",
      "integrity": "sha512-fBFs6wMS7GFLbk+mzIWtwpP+EmnTZZ5bHpveuQ5wXONBuUuLcsYF5KO7UhLxXNLmiViV6lxatZPavEzgZdW7oQ==",
      "peerDependencies": {
        "@lexical/clipboard": "0.11.3",
        "@lexical/selection": "0.11.3",
        "@lexical/utils": "0.11.3",
        "lexical": "0.11.3"
      }
    },
    "node_modules/@lexical/selection": {
      "version": "0.11.3",
      "resolved": "https://registry.npmjs.org/@lexical/selection/-/selection-0.11.3.tgz",
      "integrity": "sha512-15lQpcKT/vd7XZ5pnF1nb+kpKb72e9Yi1dVqieSxTeXkzt1cAZFKP3NB4RlhOKCv1N+glSBnjSxRwgsFfbD+NQ==",
      "peerDependencies": {
        "lexical": "0.11.3"
      }
    },
    "node_modules/@lexical/table": {
      "version": "0.11.3",
      "resolved": "https://registry.npmjs.org/@lexical/table/-/table-0.11.3.tgz",
      "integrity": "sha512-EyRnN39CSPsMceADBR7Kf+sBHNpNQlPEkn/52epeDSnakR6s80woyrA3kIzKo6mLB4afvoqdYc7RfR96M9JLIA==",
      "dependencies": {
        "@lexical/utils": "0.11.3"
      },
      "peerDependencies": {
        "lexical": "0.11.3"
      }
    },
    "node_modules/@lexical/text": {
      "version": "0.11.3",
      "resolved": "https://registry.npmjs.org/@lexical/text/-/text-0.11.3.tgz",
      "integrity": "sha512-gCEN8lJyR6b+yaOwKWGj79pbOfCQPWU/PHWyoNFUkEJXn3KydCzr2EYb6ta2cvQWRQU4G2BClKCR56jL4NS+qg==",
      "peerDependencies": {
        "lexical": "0.11.3"
      }
    },
    "node_modules/@lexical/utils": {
      "version": "0.11.3",
      "resolved": "https://registry.npmjs.org/@lexical/utils/-/utils-0.11.3.tgz",
      "integrity": "sha512-vC4saCrlcmyIJnvrYKw1uYxZojlD1DCIBsFlgmO8kXyRYXjj+o/8PBdn2dsgSQ3rADrC2mUloOm/maekDcYe9Q==",
      "dependencies": {
        "@lexical/list": "0.11.3",
        "@lexical/selection": "0.11.3",
        "@lexical/table": "0.11.3"
      },
      "peerDependencies": {
        "lexical": "0.11.3"
      }
    },
    "node_modules/@one-ini/wasm": {
      "version": "0.1.1",
      "resolved": "https://registry.npmjs.org/@one-ini/wasm/-/wasm-0.1.1.tgz",
      "integrity": "sha512-XuySG1E38YScSJoMlqovLru4KTUNSjgVTIjyh7qMX6aNN5HY5Ct5LhRJdxO79JtTzKfzV/bnWpz+zquYrISsvw=="
    },
    "node_modules/abbrev": {
      "version": "1.1.1",
      "resolved": "https://registry.npmjs.org/abbrev/-/abbrev-1.1.1.tgz",
      "integrity": "sha512-nne9/IiQ/hzIhY6pdDnbBtz7DjPTKrY00P/zvPSm5pOFkl6xuGrGnXn/VtTNNfNtAfZ9/1RtehkszU9qcTii0Q=="
    },
    "node_modules/balanced-match": {
      "version": "1.0.2",
      "resolved": "https://registry.npmjs.org/balanced-match/-/balanced-match-1.0.2.tgz",
      "integrity": "sha512-3oSeUO0TMV67hN1AmbXsK4yaqU7tjiHlbxRDZOpH0KW9+CeX4bRAaX0Anxt0tx2MrpRpWwQaPwIlISEJhYU5Pw=="
    },
    "node_modules/beautify": {
      "version": "0.0.8",
      "resolved": "https://registry.npmjs.org/beautify/-/beautify-0.0.8.tgz",
      "integrity": "sha512-1iF6Ey2qxDkm6bPgKcoXUmwFDpoRi5IgwefQDDQBRLxlZAAYwcULoQ2IdBArXZuSsuL7AT+KvZI9xZVLeUZPRg==",
      "dependencies": {
        "cssbeautify": "^0.3.1",
        "html": "^1.0.0",
        "js-beautify": "^1.6.4"
      },
      "bin": {
        "beautify": "bin/beautify.js"
      }
    },
    "node_modules/brace-expansion": {
      "version": "2.0.1",
      "resolved": "https://registry.npmjs.org/brace-expansion/-/brace-expansion-2.0.1.tgz",
      "integrity": "sha512-XnAIvQ8eM+kC6aULx6wuQiwVsnzsi9d3WxzV3FpWTGA19F621kwdbsAcFKXgKUHZWsy+mY6iL1sHTxWEFCytDA==",
      "dependencies": {
        "balanced-match": "^1.0.0"
      }
    },
    "node_modules/buffer-from": {
      "version": "1.1.2",
      "resolved": "https://registry.npmjs.org/buffer-from/-/buffer-from-1.1.2.tgz",
      "integrity": "sha512-E+XQCRwSbaaiChtv6k6Dwgc+bx+Bs6vuKJHHl5kox/BaKbhiXzqQOwK4cO22yElGp2OCmjwVhT3HmxgyPGnJfQ=="
    },
    "node_modules/commander": {
      "version": "10.0.1",
      "resolved": "https://registry.npmjs.org/commander/-/commander-10.0.1.tgz",
      "integrity": "sha512-y4Mg2tXshplEbSGzx7amzPwKKOCGuoSRP/CjEdwwk0FOGlUbq6lKuoyDZTNZkmxHdJtp54hdfY/JUrdL7Xfdug==",
      "engines": {
        "node": ">=14"
      }
    },
    "node_modules/concat-stream": {
      "version": "1.6.2",
      "resolved": "https://registry.npmjs.org/concat-stream/-/concat-stream-1.6.2.tgz",
      "integrity": "sha512-27HBghJxjiZtIk3Ycvn/4kbJk/1uZuJFfuPEns6LaEvpvG1f0hTea8lilrouyo9mVc2GWdcEZ8OLoGmSADlrCw==",
      "engines": [
        "node >= 0.8"
      ],
      "dependencies": {
        "buffer-from": "^1.0.0",
        "inherits": "^2.0.3",
        "readable-stream": "^2.2.2",
        "typedarray": "^0.0.6"
      }
    },
    "node_modules/config-chain": {
      "version": "1.1.13",
      "resolved": "https://registry.npmjs.org/config-chain/-/config-chain-1.1.13.tgz",
      "integrity": "sha512-qj+f8APARXHrM0hraqXYb2/bOVSV4PvJQlNZ/DVj0QrmNM2q2euizkeuVckQ57J+W0mRH6Hvi+k50M4Jul2VRQ==",
      "dependencies": {
        "ini": "^1.3.4",
        "proto-list": "~1.2.1"
      }
    },
    "node_modules/core-util-is": {
      "version": "1.0.3",
      "resolved": "https://registry.npmjs.org/core-util-is/-/core-util-is-1.0.3.tgz",
      "integrity": "sha512-ZQBvi1DcpJ4GDqanjucZ2Hj3wEO5pZDS89BWbkcrvdxksJorwUDDZamX9ldFkp9aw2lmBDLgkObEA4DWNJ9FYQ=="
    },
    "node_modules/cssbeautify": {
      "version": "0.3.1",
      "resolved": "https://registry.npmjs.org/cssbeautify/-/cssbeautify-0.3.1.tgz",
      "integrity": "sha512-ljnSOCOiMbklF+dwPbpooyB78foId02vUrTDogWzu6ca2DCNB7Kc/BHEGBnYOlUYtwXvSW0mWTwaiO2pwFIoRg==",
      "bin": {
        "cssbeautify": "bin/cssbeautify"
      },
      "engines": {
        "node": "*"
      }
    },
    "node_modules/date-fns": {
      "version": "2.30.0",
      "resolved": "https://registry.npmjs.org/date-fns/-/date-fns-2.30.0.tgz",
      "integrity": "sha512-fnULvOpxnC5/Vg3NCiWelDsLiUc9bRwAPs/+LfTLNvetFCtCTN+yQz15C/fs4AwX1R9K5GLtLfn8QW+dWisaAw==",
      "dependencies": {
        "@babel/runtime": "^7.21.0"
      },
      "engines": {
        "node": ">=0.11"
      },
      "funding": {
        "type": "opencollective",
        "url": "https://opencollective.com/date-fns"
      }
    },
    "node_modules/editorconfig": {
      "version": "1.0.4",
      "resolved": "https://registry.npmjs.org/editorconfig/-/editorconfig-1.0.4.tgz",
      "integrity": "sha512-L9Qe08KWTlqYMVvMcTIvMAdl1cDUubzRNYL+WfA4bLDMHe4nemKkpmYzkznE1FwLKu0EEmy6obgQKzMJrg4x9Q==",
      "dependencies": {
        "@one-ini/wasm": "0.1.1",
        "commander": "^10.0.0",
        "minimatch": "9.0.1",
        "semver": "^7.5.3"
      },
      "bin": {
        "editorconfig": "bin/editorconfig"
      },
      "engines": {
        "node": ">=14"
      }
    },
    "node_modules/fs.realpath": {
      "version": "1.0.0",
      "resolved": "https://registry.npmjs.org/fs.realpath/-/fs.realpath-1.0.0.tgz",
      "integrity": "sha512-OO0pH2lK6a0hZnAdau5ItzHPI6pUlvI7jMVnxUQRtw4owF2wk8lOSabtGDCTP4Ggrg2MbGnWO9X8K1t4+fGMDw=="
    },
    "node_modules/glob": {
      "version": "8.1.0",
      "resolved": "https://registry.npmjs.org/glob/-/glob-8.1.0.tgz",
      "integrity": "sha512-r8hpEjiQEYlF2QU0df3dS+nxxSIreXQS1qRhMJM0Q5NDdR386C7jb7Hwwod8Fgiuex+k0GFjgft18yvxm5XoCQ==",
      "dependencies": {
        "fs.realpath": "^1.0.0",
        "inflight": "^1.0.4",
        "inherits": "2",
        "minimatch": "^5.0.1",
        "once": "^1.3.0"
      },
      "engines": {
        "node": ">=12"
      },
      "funding": {
        "url": "https://github.com/sponsors/isaacs"
      }
    },
    "node_modules/glob/node_modules/minimatch": {
      "version": "5.1.6",
      "resolved": "https://registry.npmjs.org/minimatch/-/minimatch-5.1.6.tgz",
      "integrity": "sha512-lKwV/1brpG6mBUFHtb7NUmtABCb2WZZmm2wNiOA5hAb8VdCS4B3dtMWyvcoViccwAW/COERjXLt0zP1zXUN26g==",
      "dependencies": {
        "brace-expansion": "^2.0.1"
      },
      "engines": {
        "node": ">=10"
      }
    },
    "node_modules/html": {
      "version": "1.0.0",
      "resolved": "https://registry.npmjs.org/html/-/html-1.0.0.tgz",
      "integrity": "sha512-lw/7YsdKiP3kk5PnR1INY17iJuzdAtJewxr14ozKJWbbR97znovZ0mh+WEMZ8rjc3lgTK+ID/htTjuyGKB52Kw==",
      "dependencies": {
        "concat-stream": "^1.4.7"
      },
      "bin": {
        "html": "bin/html.js"
      }
    },
    "node_modules/inflight": {
      "version": "1.0.6",
      "resolved": "https://registry.npmjs.org/inflight/-/inflight-1.0.6.tgz",
      "integrity": "sha512-k92I/b08q4wvFscXCLvqfsHCrjrF7yiXsQuIVvVE7N82W3+aqpzuUdBbfhWcy/FZR3/4IgflMgKLOsvPDrGCJA==",
      "dependencies": {
        "once": "^1.3.0",
        "wrappy": "1"
      }
    },
    "node_modules/inherits": {
      "version": "2.0.4",
      "resolved": "https://registry.npmjs.org/inherits/-/inherits-2.0.4.tgz",
      "integrity": "sha512-k/vGaX4/Yla3WzyMCvTQOXYeIHvqOKtnqBduzTHpzpQZzAskKMhZ2K+EnBiSM9zGSoIFeMpXKxa4dYeZIQqewQ=="
    },
    "node_modules/ini": {
      "version": "1.3.8",
      "resolved": "https://registry.npmjs.org/ini/-/ini-1.3.8.tgz",
      "integrity": "sha512-JV/yugV2uzW5iMRSiZAyDtQd+nxtUnjeLt0acNdw98kKLrvuRVyB80tsREOE7yvGVgalhZ6RNXCmEHkUKBKxew=="
    },
    "node_modules/isarray": {
      "version": "1.0.0",
      "resolved": "https://registry.npmjs.org/isarray/-/isarray-1.0.0.tgz",
      "integrity": "sha512-VLghIWNM6ELQzo7zwmcg0NmTVyWKYjvIeM83yjp0wRDTmUnrM678fQbcKBo6n2CJEF0szoG//ytg+TKla89ALQ=="
    },
    "node_modules/js-beautify": {
      "version": "1.14.9",
      "resolved": "https://registry.npmjs.org/js-beautify/-/js-beautify-1.14.9.tgz",
      "integrity": "sha512-coM7xq1syLcMyuVGyToxcj2AlzhkDjmfklL8r0JgJ7A76wyGMpJ1oA35mr4APdYNO/o/4YY8H54NQIJzhMbhBg==",
      "dependencies": {
        "config-chain": "^1.1.13",
        "editorconfig": "^1.0.3",
        "glob": "^8.1.0",
        "nopt": "^6.0.0"
      },
      "bin": {
        "css-beautify": "js/bin/css-beautify.js",
        "html-beautify": "js/bin/html-beautify.js",
        "js-beautify": "js/bin/js-beautify.js"
      },
      "engines": {
        "node": ">=12"
      }
    },
    "node_modules/kickstand-ui": {
      "version": "2.18.5",
      "resolved": "https://registry.npmjs.org/kickstand-ui/-/kickstand-ui-2.18.5.tgz",
      "integrity": "sha512-bROotUI+4IX7PWE/ZPhAes1iRfQC9cdgCH6pDIxWffcA4ROjyrGvcf6uRSKIUZ41uYjrY2+7IU8kXA5bw76fUA=="
    },
    "node_modules/lexical": {
      "version": "0.11.3",
      "resolved": "https://registry.npmjs.org/lexical/-/lexical-0.11.3.tgz",
      "integrity": "sha512-xsMKgx/Fa+QHg/nweemU04lCy7TnEr8LyeDtsKUC7fIDN9wH3GqbnQ0+e3Hbg4FmxlhDCiPPt0GcZAROq3R8uw=="
    },
    "node_modules/lru-cache": {
      "version": "6.0.0",
      "resolved": "https://registry.npmjs.org/lru-cache/-/lru-cache-6.0.0.tgz",
      "integrity": "sha512-Jo6dJ04CmSjuznwJSS3pUeWmd/H0ffTlkXXgwZi+eq1UCmqQwCh+eLsYOYCwY991i2Fah4h1BEMCx4qThGbsiA==",
      "dependencies": {
        "yallist": "^4.0.0"
      },
      "engines": {
        "node": ">=10"
      }
    },
    "node_modules/minimatch": {
      "version": "9.0.1",
      "resolved": "https://registry.npmjs.org/minimatch/-/minimatch-9.0.1.tgz",
      "integrity": "sha512-0jWhJpD/MdhPXwPuiRkCbfYfSKp2qnn2eOc279qI7f+osl/l+prKSrvhg157zSYvx/1nmgn2NqdT6k2Z7zSH9w==",
      "dependencies": {
        "brace-expansion": "^2.0.1"
      },
      "engines": {
        "node": ">=16 || 14 >=14.17"
      },
      "funding": {
        "url": "https://github.com/sponsors/isaacs"
      }
    },
    "node_modules/nopt": {
      "version": "6.0.0",
      "resolved": "https://registry.npmjs.org/nopt/-/nopt-6.0.0.tgz",
      "integrity": "sha512-ZwLpbTgdhuZUnZzjd7nb1ZV+4DoiC6/sfiVKok72ym/4Tlf+DFdlHYmT2JPmcNNWV6Pi3SDf1kT+A4r9RTuT9g==",
      "dependencies": {
        "abbrev": "^1.0.0"
      },
      "bin": {
        "nopt": "bin/nopt.js"
      },
      "engines": {
        "node": "^12.13.0 || ^14.15.0 || >=16.0.0"
      }
    },
    "node_modules/once": {
      "version": "1.4.0",
      "resolved": "https://registry.npmjs.org/once/-/once-1.4.0.tgz",
      "integrity": "sha512-lNaJgI+2Q5URQBkccEKHTQOPaXdUxnZZElQTZY0MFUAuaEqe1E+Nyvgdz/aIyNi6Z9MzO5dv1H8n58/GELp3+w==",
      "dependencies": {
        "wrappy": "1"
      }
    },
    "node_modules/prettier": {
      "version": "3.0.0",
      "resolved": "https://registry.npmjs.org/prettier/-/prettier-3.0.0.tgz",
      "integrity": "sha512-zBf5eHpwHOGPC47h0zrPyNn+eAEIdEzfywMoYn2XPi0P44Zp0tSq64rq0xAREh4auw2cJZHo9QUob+NqCQky4g==",
      "bin": {
        "prettier": "bin/prettier.cjs"
      },
      "engines": {
        "node": ">=14"
      },
      "funding": {
        "url": "https://github.com/prettier/prettier?sponsor=1"
      }
    },
    "node_modules/prismjs": {
      "version": "1.29.0",
      "resolved": "https://registry.npmjs.org/prismjs/-/prismjs-1.29.0.tgz",
      "integrity": "sha512-Kx/1w86q/epKcmte75LNrEoT+lX8pBpavuAbvJWRXar7Hz8jrtF+e3vY751p0R8H9HdArwaCTNDDzHg/ScJK1Q==",
      "engines": {
        "node": ">=6"
      }
    },
    "node_modules/process-nextick-args": {
      "version": "2.0.1",
      "resolved": "https://registry.npmjs.org/process-nextick-args/-/process-nextick-args-2.0.1.tgz",
      "integrity": "sha512-3ouUOpQhtgrbOa17J7+uxOTpITYWaGP7/AhoR3+A+/1e9skrzelGi/dXzEYyvbxubEF6Wn2ypscTKiKJFFn1ag=="
    },
    "node_modules/proto-list": {
      "version": "1.2.4",
      "resolved": "https://registry.npmjs.org/proto-list/-/proto-list-1.2.4.tgz",
      "integrity": "sha512-vtK/94akxsTMhe0/cbfpR+syPuszcuwhqVjJq26CuNDgFGj682oRBXOP5MJpv2r7JtE8MsiepGIqvvOTBwn2vA=="
    },
    "node_modules/readable-stream": {
      "version": "2.3.8",
      "resolved": "https://registry.npmjs.org/readable-stream/-/readable-stream-2.3.8.tgz",
      "integrity": "sha512-8p0AUk4XODgIewSi0l8Epjs+EVnWiK7NoDIEGU0HhE7+ZyY8D1IMY7odu5lRrFXGg71L15KG8QrPmum45RTtdA==",
      "dependencies": {
        "core-util-is": "~1.0.0",
        "inherits": "~2.0.3",
        "isarray": "~1.0.0",
        "process-nextick-args": "~2.0.0",
        "safe-buffer": "~5.1.1",
        "string_decoder": "~1.1.1",
        "util-deprecate": "~1.0.1"
      }
    },
    "node_modules/regenerator-runtime": {
      "version": "0.14.0",
      "resolved": "https://registry.npmjs.org/regenerator-runtime/-/regenerator-runtime-0.14.0.tgz",
      "integrity": "sha512-srw17NI0TUWHuGa5CFGGmhfNIeja30WMBfbslPNhf6JrqQlLN5gcrvig1oqPxiVaXb0oW0XRKtH6Nngs5lKCIA=="
    },
    "node_modules/safe-buffer": {
      "version": "5.1.2",
      "resolved": "https://registry.npmjs.org/safe-buffer/-/safe-buffer-5.1.2.tgz",
      "integrity": "sha512-Gd2UZBJDkXlY7GbJxfsE8/nvKkUEU1G38c1siN6QP6a9PT9MmHB8GnpscSmMJSoF8LOIrt8ud/wPtojys4G6+g=="
    },
    "node_modules/semver": {
      "version": "7.5.4",
      "resolved": "https://registry.npmjs.org/semver/-/semver-7.5.4.tgz",
      "integrity": "sha512-1bCSESV6Pv+i21Hvpxp3Dx+pSD8lIPt8uVjRrxAUt/nbswYc+tK6Y2btiULjd4+fnq15PX+nqQDC7Oft7WkwcA==",
      "dependencies": {
        "lru-cache": "^6.0.0"
      },
      "bin": {
        "semver": "bin/semver.js"
      },
      "engines": {
        "node": ">=10"
      }
    },
    "node_modules/string_decoder": {
      "version": "1.1.1",
      "resolved": "https://registry.npmjs.org/string_decoder/-/string_decoder-1.1.1.tgz",
      "integrity": "sha512-n/ShnvDi6FHbbVfviro+WojiFzv+s8MPMHBczVePfUpDJLwoLT0ht1l4YwBCbi8pJAveEEdnkHyPyTP/mzRfwg==",
      "dependencies": {
        "safe-buffer": "~5.1.0"
      }
    },
    "node_modules/typedarray": {
      "version": "0.0.6",
      "resolved": "https://registry.npmjs.org/typedarray/-/typedarray-0.0.6.tgz",
      "integrity": "sha512-/aCDEGatGvZ2BIk+HmLf4ifCJFwvKFNb9/JeZPMulfgFracn9QFcAf5GO8B/mweUjSoblS5In0cWhqpfs/5PQA=="
    },
    "node_modules/util-deprecate": {
      "version": "1.0.2",
      "resolved": "https://registry.npmjs.org/util-deprecate/-/util-deprecate-1.0.2.tgz",
      "integrity": "sha512-EPD5q1uXyFxJpCrLnCc1nHnq3gOa6DZBocAIiI2TaSCA7VCJ1UJDMagCzIkXNsUYfD1daK//LTEQ8xiIbrHtcw=="
    },
    "node_modules/wrappy": {
      "version": "1.0.2",
      "resolved": "https://registry.npmjs.org/wrappy/-/wrappy-1.0.2.tgz",
      "integrity": "sha512-l4Sp/DRseor9wL6EvV2+TuQn63dMkPjZ/sp9XkghTEbV9KlPS1xUsZ3u7/IQO4wxtcFB4bgpQPRcR3QCvezPcQ=="
    },
    "node_modules/yallist": {
      "version": "4.0.0",
      "resolved": "https://registry.npmjs.org/yallist/-/yallist-4.0.0.tgz",
      "integrity": "sha512-3wdGidZyq5PB084XLES5TpOSRA3wjXAlIWMhum2kRcv/41Sn2emQ0dycQW4uZXLejwKvg6EsvbdlVL+FYEct7A=="
    }
  }
}
